{
  "name": "earthdata-downloader",
  "lockfileVersion": 3,
  "requires": true,
  "packages": {
    "": {
      "name": "earthdata-downloader",
      "devDependencies": {
        "h5wasm": "0.10.3"
      }
    },
    "node_modules/h5wasm": {
      "version": "0.10.3",
      "resolved": "https://registry.npmjs.org/h5wasm/-/h5wasm-0.10.3.tgz",
      "integrity": "sha512-W4Jy5ExtX/VNbyD8GdOBckDuj6AL16TemppVNxZsV3rJZEWCv2sxlCzOttZLer3zkMttbDYsWHl0qt1z3Bln+Q==",
      "dev": true,
      "license": "SEE LICENSE IN LICENSE.txt"
    }
  }
}
